
Microsoft Visual Studio Solution File, Format Version 12.00
# Visual Studio Version 17
VisualStudioVersion = 17.4.33110.190
MinimumVisualStudioVersion = 10.0.40219.1
Project("{9A19103F-16F7-4668-BE54-9A1E7A4F7556}") = "SignaturePad", "SignaturePad\SignaturePad.csproj", "{2B6BCE27-C0F5-47F3-847B-EAD80347A4AF}"
EndProject
Project("{9A19103F-16F7-4668-BE54-9A1E7A4F7556}") = "SignaturePadTests", "SignaturePadTests\SignaturePadTests.csproj", "{0B13CE94-A843-4BC0-B113-6E70DB758CA6}"
EndProject
Global
	GlobalSection(SolutionConfigurationPlatforms) = preSolution
		Debug|Any CPU = Debug|Any CPU
		Release|Any CPU = Release|Any CPU
	EndGlobalSection
	GlobalSection(ProjectConfigurationPlatforms) = postSolution
		{2B6BCE27-C0F5-47F3-847B-EAD80347A4AF}.Debug|Any CPU.ActiveCfg = Debug|Any CPU
		{2B6BCE27-C0F5-47F3-847B-EAD80347A4AF}.Debug|Any CPU.Build.0 = Debug|Any CPU
		{2B6BCE27-C0F5-47F3-847B-EAD80347A4AF}.Release|Any CPU.ActiveCfg = Release|Any CPU
		{2B6BCE27-C0F5-47F3-847B-EAD80347A4AF}.Release|Any CPU.Build.0 = Release|Any CPU
		{0B13CE94-A843-4BC0-B113-6E70DB758CA6}.Debug|Any CPU.ActiveCfg = Debug|Any CPU
		{0B13CE94-A843-4BC0-B113-6E70DB758CA6}.Debug|Any CPU.Build.0 = Debug|Any CPU
		{0B13CE94-A843-4BC0-B113-6E70DB758CA6}.Release|Any CPU.ActiveCfg = Release|Any CPU
		{0B13CE94-A843-4BC0-B113-6E70DB758CA6}.Release|Any CPU.Build.0 = Release|Any CPU
	EndGlobalSection
	GlobalSection(SolutionProperties) = preSolution
		HideSolutionNode = FALSE
	EndGlobalSection
	GlobalSection(ExtensibilityGlobals) = postSolution
		SolutionGuid = {C9360116-0238-47A9-B868-6C5E1B4A00F8}
	EndGlobalSection
EndGlobal
